
Microsoft Visual Studio Solution File, Format Version 12.00
# Visual Studio Version 16
VisualStudioVersion = 16.0.29424.173
MinimumVisualStudioVersion = 10.0.40219.1
Project("{FAE04EC0-301F-11D3-BF4B-00C04F79EFBC}") = "print_args", "print_args\print_args.csproj", "{EEDEB7E4-E029-4FDA-ACBD-C85459F2326D}"
EndProject
Global
	GlobalSection(SolutionConfigurationPlatforms) = preSolution
		Debug|Any CPU = Debug|Any CPU
		Release|Any CPU = Release|Any CPU
	EndGlobalSection
	GlobalSection(ProjectConfigurationPlatforms) = postSolution
		{EEDEB7E4-E029-4FDA-ACBD-C85459F2326D}.Debug|Any CPU.ActiveCfg = Debug|Any CPU
		{EEDEB7E4-E029-4FDA-ACBD-C85459F2326D}.Debug|Any CPU.Build.0 = Debug|Any CPU
		{EEDEB7E4-E029-4FDA-ACBD-C85459F2326D}.Release|Any CPU.ActiveCfg = Release|Any CPU
		{EEDEB7E4-E029-4FDA-ACBD-C85459F2326D}.Release|Any CPU.Build.0 = Release|Any CPU
	EndGlobalSection
	GlobalSection(SolutionProperties) = preSolution
		HideSolutionNode = FALSE
	EndGlobalSection
	GlobalSection(ExtensibilityGlobals) = postSolution
		SolutionGuid = {4BD5AB1B-D38E-43D2-A9ED-612817175373}
	EndGlobalSection
EndGlobal
